
Microsoft Visual Studio Solution File, Format Version 12.00
# Visual Studio Version 16
VisualStudioVersion = 16.0.30320.27
MinimumVisualStudioVersion = 10.0.40219.1
Project("{FAE04EC0-301F-11D3-BF4B-00C04F79EFBC}") = "Tutorials.NetCore.Redis.Introduction", "Tutorials.NetCore.Redis.Introduction\Tutorials.NetCore.Redis.Introduction.csproj", "{6CE55576-AA3C-4A50-A881-79D0FF1C7AD0}"
EndProject
Global
	GlobalSection(SolutionConfigurationPlatforms) = preSolution
		Debug|Any CPU = Debug|Any CPU
		Release|Any CPU = Release|Any CPU
	EndGlobalSection
	GlobalSection(ProjectConfigurationPlatforms) = postSolution
		{6CE55576-AA3C-4A50-A881-79D0FF1C7AD0}.Debug|Any CPU.ActiveCfg = Debug|Any CPU
		{6CE55576-AA3C-4A50-A881-79D0FF1C7AD0}.Debug|Any CPU.Build.0 = Debug|Any CPU
		{6CE55576-AA3C-4A50-A881-79D0FF1C7AD0}.Release|Any CPU.ActiveCfg = Release|Any CPU
		{6CE55576-AA3C-4A50-A881-79D0FF1C7AD0}.Release|Any CPU.Build.0 = Release|Any CPU
	EndGlobalSection
	GlobalSection(SolutionProperties) = preSolution
		HideSolutionNode = FALSE
	EndGlobalSection
	GlobalSection(ExtensibilityGlobals) = postSolution
		SolutionGuid = {A9877A32-66B7-479C-A196-9823BFF6B63D}
	EndGlobalSection
EndGlobal
